
Microsoft Visual Studio Solution File, Format Version 12.00
# Visual Studio 14
VisualStudioVersion = 14.0.23107.0
MinimumVisualStudioVersion = 10.0.40219.1
Project("{FAE04EC0-301F-11D3-BF4B-00C04F79EFBC}") = "CachingDemo", "CachingDemo\CachingDemo.csproj", "{6E9A067D-7CF7-417B-AAF5-3C614B2BAC6C}"
EndProject
Project("{FAE04EC0-301F-11D3-BF4B-00C04F79EFBC}") = "Cache", "Cache\Cache.csproj", "{99EE992D-7CD4-4937-9B8A-E93E414986EE}"
EndProject
Project("{FAE04EC0-301F-11D3-BF4B-00C04F79EFBC}") = "Log", "Log\Log.csproj", "{E65385A5-9995-4650-8828-DDA5B58B9D24}"
EndProject
Project("{FAE04EC0-301F-11D3-BF4B-00C04F79EFBC}") = "CachingDemoTest", "CachingDemoTest\CachingDemoTest.csproj", "{EEAFCE5D-60D9-44EF-B367-D0102440E1D7}"
EndProject
Global
	GlobalSection(SolutionConfigurationPlatforms) = preSolution
		Debug|Any CPU = Debug|Any CPU
		Release|Any CPU = Release|Any CPU
	EndGlobalSection
	GlobalSection(ProjectConfigurationPlatforms) = postSolution
		{6E9A067D-7CF7-417B-AAF5-3C614B2BAC6C}.Debug|Any CPU.ActiveCfg = Debug|Any CPU
		{6E9A067D-7CF7-417B-AAF5-3C614B2BAC6C}.Debug|Any CPU.Build.0 = Debug|Any CPU
		{6E9A067D-7CF7-417B-AAF5-3C614B2BAC6C}.Release|Any CPU.ActiveCfg = Release|Any CPU
		{6E9A067D-7CF7-417B-AAF5-3C614B2BAC6C}.Release|Any CPU.Build.0 = Release|Any CPU
		{99EE992D-7CD4-4937-9B8A-E93E414986EE}.Debug|Any CPU.ActiveCfg = Debug|Any CPU
		{99EE992D-7CD4-4937-9B8A-E93E414986EE}.Debug|Any CPU.Build.0 = Debug|Any CPU
		{99EE992D-7CD4-4937-9B8A-E93E414986EE}.Release|Any CPU.ActiveCfg = Release|Any CPU
		{99EE992D-7CD4-4937-9B8A-E93E414986EE}.Release|Any CPU.Build.0 = Release|Any CPU
		{E65385A5-9995-4650-8828-DDA5B58B9D24}.Debug|Any CPU.ActiveCfg = Debug|Any CPU
		{E65385A5-9995-4650-8828-DDA5B58B9D24}.Debug|Any CPU.Build.0 = Debug|Any CPU
		{E65385A5-9995-4650-8828-DDA5B58B9D24}.Release|Any CPU.ActiveCfg = Release|Any CPU
		{E65385A5-9995-4650-8828-DDA5B58B9D24}.Release|Any CPU.Build.0 = Release|Any CPU
		{EEAFCE5D-60D9-44EF-B367-D0102440E1D7}.Debug|Any CPU.ActiveCfg = Debug|Any CPU
		{EEAFCE5D-60D9-44EF-B367-D0102440E1D7}.Debug|Any CPU.Build.0 = Debug|Any CPU
		{EEAFCE5D-60D9-44EF-B367-D0102440E1D7}.Release|Any CPU.ActiveCfg = Release|Any CPU
		{EEAFCE5D-60D9-44EF-B367-D0102440E1D7}.Release|Any CPU.Build.0 = Release|Any CPU
	EndGlobalSection
	GlobalSection(SolutionProperties) = preSolution
		HideSolutionNode = FALSE
	EndGlobalSection
EndGlobal
